version = 1
revision = 3
requires-python = ">=3.9.0, <4.0.0"

[[package]]
name = "colorama"
version = "0.4.6"
source = { registry = "https://pypi.org/simple" }
sdist = { url = "https://files.pythonhosted.org/packages/d8/53/6f443c9a4a8358a93a6792e2acffb9d9d5cb0a5cfd8802644b7b1c9a02e4/colorama-0.4.6.tar.gz", hash = "sha256:08695f5cb7ed6e0531a20572697297273c47b8cae5a63ffc6d6ed5c201be6e44", size = 27697, upload-time = "2022-10-25T02:36:22.414Z" }
wheels = [
    { url = "https://files.pythonhosted.org/packages/d1/d6/3965ed04c63042e047cb6a3e6ed1a63a35087b6a609aa3a15ed8ac56c221/colorama-0.4.6-py2.py3-none-any.whl", hash = "sha256:4f1d9991f5acc0ca119f9d443620b77f9d6b33703e51011c16baf57afb285fc6", size = 25335, upload-time = "2022-10-25T02:36:20.889Z" },
]

[[package]]
name = "coverage"
version = "7.2.7"
source = { registry = "https://pypi.org/simple" }
sdist = { url = "https://files.pythonhosted.org/packages/45/8b/421f30467e69ac0e414214856798d4bc32da1336df745e49e49ae5c1e2a8/coverage-7.2.7.tar.gz", hash = "sha256:924d94291ca674905fe9481f12294eb11f2d3d3fd1adb20314ba89e94f44ed59", size = 762575, upload-time = "2023-05-29T20:08:50.273Z" }
wheels = [
    { url = "https://files.pythonhosted.org/packages/01/24/be01e62a7bce89bcffe04729c540382caa5a06bee45ae42136c93e2499f5/coverage-7.2.7-cp310-cp310-macosx_10_9_x86_64.whl", hash = "sha256:d39b5b4f2a66ccae8b7263ac3c8170994b65266797fb96cbbfd3fb5b23921db8", size = 200724, upload-time = "2023-05-29T20:07:03.422Z" },
    { url = "https://files.pythonhosted.org/packages/3d/80/7060a445e1d2c9744b683dc935248613355657809d6c6b2716cdf4ca4766/coverage-7.2.7-cp310-cp310-macosx_11_0_arm64.whl", hash = "sha256:6d040ef7c9859bb11dfeb056ff5b3872436e3b5e401817d87a31e1750b9ae2fb", size = 201024, upload-time = "2023-05-29T20:07:05.694Z" },
    { url = "https://files.pythonhosted.org/packages/b8/9d/926fce7e03dbfc653104c2d981c0fa71f0572a9ebd344d24c573bd6f7c4f/coverage-7.2.7-cp310-cp310-manylinux_2_17_aarch64.manylinux2014_aarch64.whl", hash = "sha256:ba90a9563ba44a72fda2e85302c3abc71c5589cea608ca16c22b9804262aaeb6", size = 229528, upload-time = "2023-05-29T20:07:07.307Z" },
    { url = "https://files.pythonhosted.org/packages/d1/3a/67f5d18f911abf96857f6f7e4df37ca840e38179e2cc9ab6c0b9c3380f19/coverage-7.2.7-cp310-cp310-manylinux_2_5_i686.manylinux1_i686.manylinux_2_17_i686.manylinux2014_i686.whl", hash = "sha256:e7d9405291c6928619403db1d10bd07888888ec1abcbd9748fdaa971d7d661b2", size = 227842, upload-time = "2023-05-29T20:07:09.331Z" },
    { url = "https://files.pythonhosted.org/packages/b4/bd/1b2331e3a04f4cc9b7b332b1dd0f3a1261dfc4114f8479bebfcc2afee9e8/coverage-7.2.7-cp310-cp310-manylinux_2_5_x86_64.manylinux1_x86_64.manylinux_2_17_x86_64.manylinux2014_x86_64.whl", hash = "sha256:31563e97dae5598556600466ad9beea39fb04e0229e61c12eaa206e0aa202063", size = 228717, upload-time = "2023-05-29T20:07:11.38Z" },
    { url = "https://files.pythonhosted.org/packages/2b/86/3dbf9be43f8bf6a5ca28790a713e18902b2d884bc5fa9512823a81dff601/coverage-7.2.7-cp310-cp310-musllinux_1_1_aarch64.whl", hash = "sha256:ebba1cd308ef115925421d3e6a586e655ca5a77b5bf41e02eb0e4562a111f2d1", size = 234632, upload-time = "2023-05-29T20:07:13.376Z" },
    { url = "https://files.pythonhosted.org/packages/91/e8/469ed808a782b9e8305a08bad8c6fa5f8e73e093bda6546c5aec68275bff/coverage-7.2.7-cp310-cp310-musllinux_1_1_i686.whl", hash = "sha256:cb017fd1b2603ef59e374ba2063f593abe0fc45f2ad9abdde5b4d83bd922a353", size = 232875, upload-time = "2023-05-29T20:07:15.093Z" },
    { url = "https://files.pythonhosted.org/packages/29/8f/4fad1c2ba98104425009efd7eaa19af9a7c797e92d40cd2ec026fa1f58cb/coverage-7.2.7-cp310-cp310-musllinux_1_1_x86_64.whl", hash = "sha256:d62a5c7dad11015c66fbb9d881bc4caa5b12f16292f857842d9d1871595f4495", size = 234094, upload-time = "2023-05-29T20:07:17.013Z" },
    { url = "https://files.pythonhosted.org/packages/94/4e/d4e46a214ae857be3d7dc5de248ba43765f60daeb1ab077cb6c1536c7fba/coverage-7.2.7-cp310-cp310-win32.whl", hash = "sha256:ee57190f24fba796e36bb6d3aa8a8783c643d8fa9760c89f7a98ab5455fbf818", size = 203184, upload-time = "2023-05-29T20:07:18.69Z" },
    { url = "https://files.pythonhosted.org/packages/1f/e9/d6730247d8dec2a3dddc520ebe11e2e860f0f98cee3639e23de6cf920255/coverage-7.2.7-cp310-cp310-win_amd64.whl", hash = "sha256:f75f7168ab25dd93110c8a8117a22450c19976afbc44234cbf71481094c1b850", size = 204096, upload-time = "2023-05-29T20:07:20.153Z" },
    { url = "https://files.pythonhosted.org/packages/c6/fa/529f55c9a1029c840bcc9109d5a15ff00478b7ff550a1ae361f8745f8ad5/coverage-7.2.7-cp311-cp311-macosx_10_9_x86_64.whl", hash = "sha256:06a9a2be0b5b576c3f18f1a241f0473575c4a26021b52b2a85263a00f034d51f", size = 200895, upload-time = "2023-05-29T20:07:21.963Z" },
    { url = "https://files.pythonhosted.org/packages/67/d7/cd8fe689b5743fffac516597a1222834c42b80686b99f5b44ef43ccc2a43/coverage-7.2.7-cp311-cp311-macosx_11_0_arm64.whl", hash = "sha256:5baa06420f837184130752b7c5ea0808762083bf3487b5038d68b012e5937dbe", size = 201120, upload-time = "2023-05-29T20:07:23.765Z" },
    { url = "https://files.pythonhosted.org/packages/8c/95/16eed713202406ca0a37f8ac259bbf144c9d24f9b8097a8e6ead61da2dbb/coverage-7.2.7-cp311-cp311-manylinux_2_17_aarch64.manylinux2014_aarch64.whl", hash = "sha256:fdec9e8cbf13a5bf63290fc6013d216a4c7232efb51548594ca3631a7f13c3a3", size = 233178, upload-time = "2023-05-29T20:07:25.281Z" },
    { url = "https://files.pythonhosted.org/packages/c1/49/4d487e2ad5d54ed82ac1101e467e8994c09d6123c91b2a962145f3d262c2/coverage-7.2.7-cp311-cp311-manylinux_2_5_i686.manylinux1_i686.manylinux_2_17_i686.manylinux2014_i686.whl", hash = "sha256:52edc1a60c0d34afa421c9c37078817b2e67a392cab17d97283b64c5833f427f", size = 230754, upload-time = "2023-05-29T20:07:27.044Z" },
    { url = "https://files.pythonhosted.org/packages/a7/cd/3ce94ad9d407a052dc2a74fbeb1c7947f442155b28264eb467ee78dea812/coverage-7.2.7-cp311-cp311-manylinux_2_5_x86_64.manylinux1_x86_64.manylinux_2_17_x86_64.manylinux2014_x86_64.whl", hash = "sha256:63426706118b7f5cf6bb6c895dc215d8a418d5952544042c8a2d9fe87fcf09cb", size = 232558, upload-time = "2023-05-29T20:07:28.743Z" },
    { url = "https://files.pythonhosted.org/packages/8f/a8/12cc7b261f3082cc299ab61f677f7e48d93e35ca5c3c2f7241ed5525ccea/coverage-7.2.7-cp311-cp311-musllinux_1_1_aarch64.whl", hash = "sha256:afb17f84d56068a7c29f5fa37bfd38d5aba69e3304af08ee94da8ed5b0865833", size = 241509, upload-time = "2023-05-29T20:07:30.434Z" },
    { url = "https://files.pythonhosted.org/packages/04/fa/43b55101f75a5e9115259e8be70ff9279921cb6b17f04c34a5702ff9b1f7/coverage-7.2.7-cp311-cp311-musllinux_1_1_i686.whl", hash = "sha256:48c19d2159d433ccc99e729ceae7d5293fbffa0bdb94952d3579983d1c8c9d97", size = 239924, upload-time = "2023-05-29T20:07:32.065Z" },
    { url = "https://files.pythonhosted.org/packages/68/5f/d2bd0f02aa3c3e0311986e625ccf97fdc511b52f4f1a063e4f37b624772f/coverage-7.2.7-cp311-cp311-musllinux_1_1_x86_64.whl", hash = "sha256:0e1f928eaf5469c11e886fe0885ad2bf1ec606434e79842a879277895a50942a", size = 240977, upload-time = "2023-05-29T20:07:34.184Z" },
    { url = "https://files.pythonhosted.org/packages/ba/92/69c0722882643df4257ecc5437b83f4c17ba9e67f15dc6b77bad89b6982e/coverage-7.2.7-cp311-cp311-win32.whl", hash = "sha256:33d6d3ea29d5b3a1a632b3c4e4f4ecae24ef170b0b9ee493883f2df10039959a", size = 203168, upload-time = "2023-05-29T20:07:35.869Z" },
    { url = "https://files.pythonhosted.org/packages/b1/96/c12ed0dfd4ec587f3739f53eb677b9007853fd486ccb0e7d5512a27bab2e/coverage-7.2.7-cp311-cp311-win_amd64.whl", hash = "sha256:5b7540161790b2f28143191f5f8ec02fb132660ff175b7747b95dcb77ac26562", size = 204185, upload-time = "2023-05-29T20:07:37.39Z" },
    { url = "https://files.pythonhosted.org/packages/ff/d5/52fa1891d1802ab2e1b346d37d349cb41cdd4fd03f724ebbf94e80577687/coverage-7.2.7-cp312-cp312-macosx_10_9_x86_64.whl", hash = "sha256:f2f67fe12b22cd130d34d0ef79206061bfb5eda52feb6ce0dba0644e20a03cf4", size = 201020, upload-time = "2023-05-29T20:07:38.724Z" },
    { url = "https://files.pythonhosted.org/packages/24/df/6765898d54ea20e3197a26d26bb65b084deefadd77ce7de946b9c96dfdc5/coverage-7.2.7-cp312-cp312-manylinux_2_17_aarch64.manylinux2014_aarch64.whl", hash = "sha256:a342242fe22407f3c17f4b499276a02b01e80f861f1682ad1d95b04018e0c0d4", size = 233994, upload-time = "2023-05-29T20:07:40.274Z" },
    { url = "https://files.pythonhosted.org/packages/15/81/b108a60bc758b448c151e5abceed027ed77a9523ecbc6b8a390938301841/coverage-7.2.7-cp312-cp312-manylinux_2_5_i686.manylinux1_i686.manylinux_2_17_i686.manylinux2014_i686.whl", hash = "sha256:171717c7cb6b453aebac9a2ef603699da237f341b38eebfee9be75d27dc38e01", size = 231358, upload-time = "2023-05-29T20:07:41.998Z" },
    { url = "https://files.pythonhosted.org/packages/61/90/c76b9462f39897ebd8714faf21bc985b65c4e1ea6dff428ea9dc711ed0dd/coverage-7.2.7-cp312-cp312-manylinux_2_5_x86_64.manylinux1_x86_64.manylinux_2_17_x86_64.manylinux2014_x86_64.whl", hash = "sha256:49969a9f7ffa086d973d91cec8d2e31080436ef0fb4a359cae927e742abfaaa6", size = 233316, upload-time = "2023-05-29T20:07:43.539Z" },
    { url = "https://files.pythonhosted.org/packages/04/d6/8cba3bf346e8b1a4fb3f084df7d8cea25a6b6c56aaca1f2e53829be17e9e/coverage-7.2.7-cp312-cp312-musllinux_1_1_aarch64.whl", hash = "sha256:b46517c02ccd08092f4fa99f24c3b83d8f92f739b4657b0f146246a0ca6a831d", size = 240159, upload-time = "2023-05-29T20:07:44.982Z" },
    { url = "https://files.pythonhosted.org/packages/6e/ea/4a252dc77ca0605b23d477729d139915e753ee89e4c9507630e12ad64a80/coverage-7.2.7-cp312-cp312-musllinux_1_1_i686.whl", hash = "sha256:a3d33a6b3eae87ceaefa91ffdc130b5e8536182cd6dfdbfc1aa56b46ff8c86de", size = 238127, upload-time = "2023-05-29T20:07:46.522Z" },
    { url = "https://files.pythonhosted.org/packages/9f/5c/d9760ac497c41f9c4841f5972d0edf05d50cad7814e86ee7d133ec4a0ac8/coverage-7.2.7-cp312-cp312-musllinux_1_1_x86_64.whl", hash = "sha256:976b9c42fb2a43ebf304fa7d4a310e5f16cc99992f33eced91ef6f908bd8f33d", size = 239833, upload-time = "2023-05-29T20:07:47.992Z" },
    { url = "https://files.pythonhosted.org/packages/69/8c/26a95b08059db1cbb01e4b0e6d40f2e9debb628c6ca86b78f625ceaf9bab/coverage-7.2.7-cp312-cp312-win32.whl", hash = "sha256:8de8bb0e5ad103888d65abef8bca41ab93721647590a3f740100cd65c3b00511", size = 203463, upload-time = "2023-05-29T20:07:49.939Z" },
    { url = "https://files.pythonhosted.org/packages/b7/00/14b00a0748e9eda26e97be07a63cc911108844004687321ddcc213be956c/coverage-7.2.7-cp312-cp312-win_amd64.whl", hash = "sha256:9e31cb64d7de6b6f09702bb27c02d1904b3aebfca610c12772452c4e6c21a0d3", size = 204347, upload-time = "2023-05-29T20:07:51.909Z" },
    { url = "https://files.pythonhosted.org/packages/88/da/495944ebf0ad246235a6bd523810d9f81981f9b81c6059ba1f56e943abe0/coverage-7.2.7-cp39-cp39-macosx_10_9_x86_64.whl", hash = "sha256:537891ae8ce59ef63d0123f7ac9e2ae0fc8b72c7ccbe5296fec45fd68967b6c9", size = 200725, upload-time = "2023-05-29T20:08:29.851Z" },
    { url = "https://files.pythonhosted.org/packages/ca/0c/3dfeeb1006c44b911ee0ed915350db30325d01808525ae7cc8d57643a2ce/coverage-7.2.7-cp39-cp39-macosx_11_0_arm64.whl", hash = "sha256:06fb182e69f33f6cd1d39a6c597294cff3143554b64b9825d1dc69d18cc2fff2", size = 201022, upload-time = "2023-05-29T20:08:31.429Z" },
    { url = "https://files.pythonhosted.org/packages/61/af/5964b8d7d9a5c767785644d9a5a63cacba9a9c45cc42ba06d25895ec87be/coverage-7.2.7-cp39-cp39-manylinux_2_17_aarch64.manylinux2014_aarch64.whl", hash = "sha256:201e7389591af40950a6480bd9edfa8ed04346ff80002cec1a66cac4549c1ad7", size = 229102, upload-time = "2023-05-29T20:08:32.982Z" },
    { url = "https://files.pythonhosted.org/packages/d9/1d/cd467fceb62c371f9adb1d739c92a05d4e550246daa90412e711226bd320/coverage-7.2.7-cp39-cp39-manylinux_2_5_i686.manylinux1_i686.manylinux_2_17_i686.manylinux2014_i686.whl", hash = "sha256:f6951407391b639504e3b3be51b7ba5f3528adbf1a8ac3302b687ecababf929e", size = 227441, upload-time = "2023-05-29T20:08:35.044Z" },
    { url = "https://files.pythonhosted.org/packages/fe/57/e4f8ad64d84ca9e759d783a052795f62a9f9111585e46068845b1cb52c2b/coverage-7.2.7-cp39-cp39-manylinux_2_5_x86_64.manylinux1_x86_64.manylinux_2_17_x86_64.manylinux2014_x86_64.whl", hash = "sha256:6f48351d66575f535669306aa7d6d6f71bc43372473b54a832222803eb956fd1", size = 228265, upload-time = "2023-05-29T20:08:36.861Z" },
    { url = "https://files.pythonhosted.org/packages/88/8b/b0d9fe727acae907fa7f1c8194ccb6fe9d02e1c3e9001ecf74c741f86110/coverage-7.2.7-cp39-cp39-musllinux_1_1_aarch64.whl", hash = "sha256:b29019c76039dc3c0fd815c41392a044ce555d9bcdd38b0fb60fb4cd8e475ba9", size = 234217, upload-time = "2023-05-29T20:08:38.837Z" },
    { url = "https://files.pythonhosted.org/packages/66/2e/c99fe1f6396d93551aa352c75410686e726cd4ea104479b9af1af22367ce/coverage-7.2.7-cp39-cp39-musllinux_1_1_i686.whl", hash = "sha256:81c13a1fc7468c40f13420732805a4c38a105d89848b7c10af65a90beff25250", size = 232466, upload-time = "2023-05-29T20:08:40.768Z" },
    { url = "https://files.pythonhosted.org/packages/bb/e9/88747b40c8fb4a783b40222510ce6d66170217eb05d7f46462c36b4fa8cc/coverage-7.2.7-cp39-cp39-musllinux_1_1_x86_64.whl", hash = "sha256:975d70ab7e3c80a3fe86001d8751f6778905ec723f5b110aed1e450da9d4b7f2", size = 233669, upload-time = "2023-05-29T20:08:42.944Z" },
    { url = "https://files.pythonhosted.org/packages/b1/d5/a8e276bc005e42114468d4fe03e0a9555786bc51cbfe0d20827a46c1565a/coverage-7.2.7-cp39-cp39-win32.whl", hash = "sha256:7ee7d9d4822c8acc74a5e26c50604dff824710bc8de424904c0982e25c39c6cb", size = 203199, upload-time = "2023-05-29T20:08:44.734Z" },
    { url = "https://files.pythonhosted.org/packages/a9/0c/4a848ae663b47f1195abcb09a951751dd61f80b503303b9b9d768e0fd321/coverage-7.2.7-cp39-cp39-win_amd64.whl", hash = "sha256:eb393e5ebc85245347950143969b241d08b52b88a3dc39479822e073a1a8eb27", size = 204109, upload-time = "2023-05-29T20:08:46.417Z" },
    { url = "https://files.pythonhosted.org/packages/67/fb/b3b1d7887e1ea25a9608b0776e480e4bbc303ca95a31fd585555ec4fff5a/coverage-7.2.7-pp37.pp38.pp39-none-any.whl", hash = "sha256:b7b4c971f05e6ae490fef852c218b0e79d4e52f79ef0c8475566584a8fb3e01d", size = 193207, upload-time = "2023-05-29T20:08:48.153Z" },
]

[package.optional-dependencies]
toml = [
    { name = "tomli", marker = "python_full_version <= '3.11'" },
]

[[package]]
name = "example-package"
version = "0.1.4"
source = { directory = "tests/pkgs/example_package" }
dependencies = [
    { name = "polars" },
]

[package.metadata]
requires-dist = [{ name = "polars" }]

[[package]]
name = "exceptiongroup"
version = "1.2.2"
source = { registry = "https://pypi.org/simple" }
sdist = { url = "https://files.pythonhosted.org/packages/09/35/2495c4ac46b980e4ca1f6ad6db102322ef3ad2410b79fdde159a4b0f3b92/exceptiongroup-1.2.2.tar.gz", hash = "sha256:47c2edf7c6738fafb49fd34290706d1a1a2f4d1c6df275526b62cbb4aa5393cc", size = 28883, upload-time = "2024-07-12T22:26:00.161Z" }
wheels = [
    { url = "https://files.pythonhosted.org/packages/02/cc/b7e31358aac6ed1ef2bb790a9746ac2c69bcb3c8588b41616914eb106eaf/exceptiongroup-1.2.2-py3-none-any.whl", hash = "sha256:3111b9d131c238bec2f8f516e123e14ba243563fb135d3fe885990585aa7795b", size = 16453, upload-time = "2024-07-12T22:25:58.476Z" },
]

[[package]]
name = "iniconfig"
version = "2.0.0"
source = { registry = "https://pypi.org/simple" }
sdist = { url = "https://files.pythonhosted.org/packages/d7/4b/cbd8e699e64a6f16ca3a8220661b5f83792b3017d0f79807cb8708d33913/iniconfig-2.0.0.tar.gz", hash = "sha256:2d91e135bf72d31a410b17c16da610a82cb55f6b0477d1a902134b24a455b8b3", size = 4646, upload-time = "2023-01-07T11:08:11.254Z" }
wheels = [
    { url = "https://files.pythonhosted.org/packages/ef/a6/62565a6e1cf69e10f5727360368e451d4b7f58beeac6173dc9db836a5b46/iniconfig-2.0.0-py3-none-any.whl", hash = "sha256:b6a85871a79d2e3b22d2d1b94ac2824226a63c6b741c88f7ae975f18b6778374", size = 5892, upload-time = "2023-01-07T11:08:09.864Z" },
]

[[package]]
name = "packaging"
version = "23.2"
source = { registry = "https://pypi.org/simple" }
sdist = { url = "https://files.pythonhosted.org/packages/fb/2b/9b9c33ffed44ee921d0967086d653047286054117d584f1b1a7c22ceaf7b/packaging-23.2.tar.gz", hash = "sha256:048fb0e9405036518eaaf48a55953c750c11e1a1b68e0dd1a9d62ed0c092cfc5", size = 146714, upload-time = "2023-10-01T13:50:05.279Z" }
wheels = [
    { url = "https://files.pythonhosted.org/packages/ec/1a/610693ac4ee14fcdf2d9bf3c493370e4f2ef7ae2e19217d7a237ff42367d/packaging-23.2-py3-none-any.whl", hash = "sha256:8c491190033a9af7e1d931d0b5dacc2ef47509b34dd0de67ed209b5203fc88c7", size = 53011, upload-time = "2023-10-01T13:50:03.745Z" },
]

[[package]]
name = "pluggy"
version = "1.5.0"
source = { registry = "https://pypi.org/simple" }
sdist = { url = "https://files.pythonhosted.org/packages/96/2d/02d4312c973c6050a18b314a5ad0b3210edb65a906f868e31c111dede4a6/pluggy-1.5.0.tar.gz", hash = "sha256:2cffa88e94fdc978c4c574f15f9e59b7f4201d439195c3715ca9e2486f1d0cf1", size = 67955, upload-time = "2024-04-20T21:34:42.531Z" }
wheels = [
    { url = "https://files.pythonhosted.org/packages/88/5f/e351af9a41f866ac3f1fac4ca0613908d9a41741cfcf2228f4ad853b697d/pluggy-1.5.0-py3-none-any.whl", hash = "sha256:44e1ad92c8ca002de6377e165f3e0f1be63266ab4d554740532335b9d75ea669", size = 20556, upload-time = "2024-04-20T21:34:40.434Z" },
]

[[package]]
name = "polars"
version = "1.9.0"
source = { registry = "https://pypi.org/simple" }
sdist = { url = "https://files.pythonhosted.org/packages/53/09/c2fb0b231d551e0c8e68097d08577712bdff1ba91346cda8228e769602f5/polars-1.9.0.tar.gz", hash = "sha256:8e1206ef876f61c1d50a81e102611ea92ee34631cb135b46ad314bfefd3cb122", size = 4027431, upload-time = "2024-10-01T19:54:08.04Z" }
wheels = [
    { url = "https://files.pythonhosted.org/packages/64/cc/3d0292048d8f9045a03510aeecda2e6ed9df451ae8853274946ff841f98b/polars-1.9.0-cp38-abi3-macosx_10_12_x86_64.whl", hash = "sha256:a471d2ce96f6fa5dd0ef16bcdb227f3dbe3af8acb776ca52f9e64ef40c7489a0", size = 31870933, upload-time = "2024-10-01T19:53:08.757Z" },
    { url = "https://files.pythonhosted.org/packages/ee/be/15af97f4d8b775630da16a8bf0141507d9c0ae5f2637b9a27ed337b3b1ba/polars-1.9.0-cp38-abi3-macosx_11_0_arm64.whl", hash = "sha256:94b12d731cd200d2c50b13fc070d6353f708e632bca6529c5a72aa6a69e5285d", size = 28171055, upload-time = "2024-10-01T19:53:13.598Z" },
    { url = "https://files.pythonhosted.org/packages/bb/57/b286b317f061d8f17bab4726a27e7b185fbf3d3db65cf689074256ea34a9/polars-1.9.0-cp38-abi3-manylinux_2_17_x86_64.manylinux2014_x86_64.whl", hash = "sha256:f85f132732aa63c6f3b502b0fdfc3ba9f0b78cc6330059b5a2d6f9fd78508acb", size = 33063367, upload-time = "2024-10-01T19:53:17.358Z" },
    { url = "https://files.pythonhosted.org/packages/e5/25/bf5d43dcb538bf6573b15f3d5995a52be61b8fbce0cd737e72c4d25eef88/polars-1.9.0-cp38-abi3-manylinux_2_24_aarch64.whl", hash = "sha256:f753c8941a3b3249d59262d68a856714a96a7d4e16977aefbb196be0c192e151", size = 29764698, upload-time = "2024-10-01T19:53:21.104Z" },
    { url = "https://files.pythonhosted.org/packages/a6/cf/f9170a3ac20e0efb9d3c1cdacc677e35b711ffd5ec48a6d5f3da7b7d8663/polars-1.9.0-cp38-abi3-win_amd64.whl", hash = "sha256:95de07066cd797dd940fa2783708a7bef93c827a57be0f4dfad3575a6144212b", size = 32819142, upload-time = "2024-10-01T19:53:24.695Z" },
]

[[package]]
name = "polugins"
version = "0.5.2"
source = { editable = "../polugins" }
dependencies = [
    { name = "polars" },
    { name = "tomli" },
    { name = "typing-extensions" },
]

[package.metadata]
requires-dist = [
    { name = "polars", specifier = ">0.16.13" },
    { name = "tomli", specifier = ">=0.2.0" },
    { name = "typing-extensions", specifier = ">=4.4.0" },
]

[package.metadata.requires-dev]
dev = [
    { name = "coverage", specifier = ">=7.2.7,<8.0.0" },
    { name = "example-package", directory = "../polugins/tests/pkgs/example_package" },
    { name = "pytest", specifier = ">=8.0.0,<9.0.0" },
    { name = "pytest-cov", specifier = ">=4.1.0,<5.0.0" },
    { name = "pytest-env", specifier = ">=0.8.2,<0.9" },
    { name = "ruff", specifier = "==0.7.2" },
]

[[package]]
name = "polugins-type-gen"
version = "0.6.2"
source = { editable = "." }
dependencies = [
    { name = "polugins" },
]

[package.dev-dependencies]
dev = [
    { name = "coverage" },
    { name = "example-package" },
    { name = "packaging" },
    { name = "polars" },
    { name = "pytest" },
    { name = "pytest-cov" },
    { name = "pytest-env" },
    { name = "pytest-mock" },
    { name = "ruff" },
]

[package.metadata]
requires-dist = [{ name = "polugins", editable = "../polugins" }]

[package.metadata.requires-dev]
dev = [
    { name = "coverage", specifier = ">=7.2.7,<8.0.0" },
    { name = "example-package", directory = "tests/pkgs/example_package" },
    { name = "packaging", specifier = ">=23.2.0,<24.0.0" },
    { name = "polars", specifier = "==1.9.0" },
    { name = "pytest", specifier = ">=8.0.0,<9.0.0" },
    { name = "pytest-cov", specifier = ">=4.1.0,<5.0.0" },
    { name = "pytest-env", specifier = ">=0.8.2,<0.9" },
    { name = "pytest-mock", specifier = ">=3.12.0,<4.0.0" },
    { name = "ruff", specifier = "==0.7.2" },
]

[[package]]
name = "pygments"
version = "2.19.2"
source = { registry = "https://pypi.org/simple" }
sdist = { url = "https://files.pythonhosted.org/packages/b0/77/a5b8c569bf593b0140bde72ea885a803b82086995367bf2037de0159d924/pygments-2.19.2.tar.gz", hash = "sha256:636cb2477cec7f8952536970bc533bc43743542f70392ae026374600add5b887", size = 4968631, upload-time = "2025-06-21T13:39:12.283Z" }
wheels = [
    { url = "https://files.pythonhosted.org/packages/c7/21/705964c7812476f378728bdf590ca4b771ec72385c533964653c68e86bdc/pygments-2.19.2-py3-none-any.whl", hash = "sha256:86540386c03d588bb81d44bc3928634ff26449851e99741617ecb9037ee5ec0b", size = 1225217, upload-time = "2025-06-21T13:39:07.939Z" },
]

[[package]]
name = "pytest"
version = "8.4.2"
source = { registry = "https://pypi.org/simple" }
dependencies = [
    { name = "colorama", marker = "sys_platform == 'win32'" },
    { name = "exceptiongroup", marker = "python_full_version < '3.11'" },
    { name = "iniconfig" },
    { name = "packaging" },
    { name = "pluggy" },
    { name = "pygments" },
    { name = "tomli", marker = "python_full_version < '3.11'" },
]
sdist = { url = "https://files.pythonhosted.org/packages/a3/5c/00a0e072241553e1a7496d638deababa67c5058571567b92a7eaa258397c/pytest-8.4.2.tar.gz", hash = "sha256:86c0d0b93306b961d58d62a4db4879f27fe25513d4b969df351abdddb3c30e01", size = 1519618, upload-time = "2025-09-04T14:34:22.711Z" }
wheels = [
    { url = "https://files.pythonhosted.org/packages/a8/a4/20da314d277121d6534b3a980b29035dcd51e6744bd79075a6ce8fa4eb8d/pytest-8.4.2-py3-none-any.whl", hash = "sha256:872f880de3fc3a5bdc88a11b39c9710c3497a547cfa9320bc3c5e62fbf272e79", size = 365750, upload-time = "2025-09-04T14:34:20.226Z" },
]

[[package]]
name = "pytest-cov"
version = "4.1.0"
source = { registry = "https://pypi.org/simple" }
dependencies = [
    { name = "coverage", extra = ["toml"] },
    { name = "pytest" },
]
sdist = { url = "https://files.pythonhosted.org/packages/7a/15/da3df99fd551507694a9b01f512a2f6cf1254f33601605843c3775f39460/pytest-cov-4.1.0.tar.gz", hash = "sha256:3904b13dfbfec47f003b8e77fd5b589cd11904a21ddf1ab38a64f204d6a10ef6", size = 63245, upload-time = "2023-05-24T18:44:56.845Z" }
wheels = [
    { url = "https://files.pythonhosted.org/packages/a7/4b/8b78d126e275efa2379b1c2e09dc52cf70df16fc3b90613ef82531499d73/pytest_cov-4.1.0-py3-none-any.whl", hash = "sha256:6ba70b9e97e69fcc3fb45bfeab2d0a138fb65c4d0d6a41ef33983ad114be8c3a", size = 21949, upload-time = "2023-05-24T18:44:54.079Z" },
]

[[package]]
name = "pytest-env"
version = "0.8.2"
source = { registry = "https://pypi.org/simple" }
dependencies = [
    { name = "pytest" },
]
sdist = { url = "https://files.pythonhosted.org/packages/8a/33/c298eab42c425911ce26f6cd0eff93fc54bc5c4feb517df42b7c775f562f/pytest_env-0.8.2.tar.gz", hash = "sha256:baed9b3b6bae77bd75b9238e0ed1ee6903a42806ae9d6aeffb8754cd5584d4ff", size = 7419, upload-time = "2023-06-15T22:54:39.994Z" }
wheels = [
    { url = "https://files.pythonhosted.org/packages/55/ad/2db287eb35633e4a7c5889f889262637cc1a41a4413c641f64f7d70da773/pytest_env-0.8.2-py3-none-any.whl", hash = "sha256:5e533273f4d9e6a41c3a3120e0c7944aae5674fa773b329f00a5eb1f23c53a38", size = 5274, upload-time = "2023-06-15T22:54:38.795Z" },
]

[[package]]
name = "pytest-mock"
version = "3.12.0"
source = { registry = "https://pypi.org/simple" }
dependencies = [
    { name = "pytest" },
]
sdist = { url = "https://files.pythonhosted.org/packages/b3/96/25588c55fbe330b751bd7c7d723c3544957566bc090f6d506551b514f488/pytest-mock-3.12.0.tar.gz", hash = "sha256:31a40f038c22cad32287bb43932054451ff5583ff094bca6f675df2f8bc1a6e9", size = 32139, upload-time = "2023-10-19T16:25:57.7Z" }
wheels = [
    { url = "https://files.pythonhosted.org/packages/b9/25/b29fd10dd062cf41e66787a7951b3842881a2a2d7e3a41fcbb58a8466046/pytest_mock-3.12.0-py3-none-any.whl", hash = "sha256:0972719a7263072da3a21c7f4773069bcc7486027d7e8e1f81d98a47e701bc4f", size = 9771, upload-time = "2023-10-19T16:25:55.764Z" },
]

[[package]]
name = "ruff"
version = "0.7.2"
source = { registry = "https://pypi.org/simple" }
sdist = { url = "https://files.pythonhosted.org/packages/95/51/231bb3790e5b0b9fd4131f9a231d73d061b3667522e3f406fd9b63334d0e/ruff-0.7.2.tar.gz", hash = "sha256:2b14e77293380e475b4e3a7a368e14549288ed2931fce259a6f99978669e844f", size = 3210036, upload-time = "2024-11-01T15:07:27.364Z" }
wheels = [
    { url = "https://files.pythonhosted.org/packages/5c/56/0caa2b5745d66a39aa239c01059f6918fc76ed8380033d2f44bf297d141d/ruff-0.7.2-py3-none-linux_armv6l.whl", hash = "sha256:b73f873b5f52092e63ed540adefc3c36f1f803790ecf2590e1df8bf0a9f72cb8", size = 10373973, upload-time = "2024-11-01T15:06:42.937Z" },
    { url = "https://files.pythonhosted.org/packages/1a/33/cad6ff306731f335d481c50caa155b69a286d5b388e87ff234cd2a4b3557/ruff-0.7.2-py3-none-macosx_10_12_x86_64.whl", hash = "sha256:5b813ef26db1015953daf476202585512afd6a6862a02cde63f3bafb53d0b2d4", size = 10171140, upload-time = "2024-11-01T15:06:45.871Z" },
    { url = "https://files.pythonhosted.org/packages/97/f5/6a2ca5c9ba416226eac9cf8121a1baa6f06655431937e85f38ffcb9d0d01/ruff-0.7.2-py3-none-macosx_11_0_arm64.whl", hash = "sha256:853277dbd9675810c6826dad7a428d52a11760744508340e66bf46f8be9701d9", size = 9809333, upload-time = "2024-11-01T15:06:48.613Z" },
    { url = "https://files.pythonhosted.org/packages/16/83/e3e87f13d1a1dc205713632978cd7bc287a59b08bc95780dbe359b9aefcb/ruff-0.7.2-py3-none-manylinux_2_17_aarch64.manylinux2014_aarch64.whl", hash = "sha256:21aae53ab1490a52bf4e3bf520c10ce120987b047c494cacf4edad0ba0888da2", size = 10622987, upload-time = "2024-11-01T15:06:51.404Z" },
    { url = "https://files.pythonhosted.org/packages/22/16/97ccab194480e99a2e3c77ae132b3eebfa38c2112747570c403a4a13ba3a/ruff-0.7.2-py3-none-manylinux_2_17_armv7l.manylinux2014_armv7l.whl", hash = "sha256:ccc7e0fc6e0cb3168443eeadb6445285abaae75142ee22b2b72c27d790ab60ba", size = 10184640, upload-time = "2024-11-01T15:06:54.209Z" },
    { url = "https://files.pythonhosted.org/packages/97/1b/82ff05441b036f68817296c14f24da47c591cb27acfda473ee571a5651ac/ruff-0.7.2-py3-none-manylinux_2_17_i686.manylinux2014_i686.whl", hash = "sha256:fd77877a4e43b3a98e5ef4715ba3862105e299af0c48942cc6d51ba3d97dc859", size = 11210203, upload-time = "2024-11-01T15:06:56.953Z" },
    { url = "https://files.pythonhosted.org/packages/a6/96/7ecb30a7ef7f942e2d8e0287ad4c1957dddc6c5097af4978c27cfc334f97/ruff-0.7.2-py3-none-manylinux_2_17_ppc64.manylinux2014_ppc64.whl", hash = "sha256:e00163fb897d35523c70d71a46fbaa43bf7bf9af0f4534c53ea5b96b2e03397b", size = 11870894, upload-time = "2024-11-01T15:06:59.679Z" },
    { url = "https://files.pythonhosted.org/packages/06/6a/c716bb126218227f8e604a9c484836257708a05ee3d2ebceb666ff3d3867/ruff-0.7.2-py3-none-manylinux_2_17_ppc64le.manylinux2014_ppc64le.whl", hash = "sha256:f3c54b538633482dc342e9b634d91168fe8cc56b30a4b4f99287f4e339103e88", size = 11449533, upload-time = "2024-11-01T15:07:01.762Z" },
    { url = "https://files.pythonhosted.org/packages/e6/2f/3a5f9f9478904e5ae9506ea699109070ead1e79aac041e872cbaad8a7458/ruff-0.7.2-py3-none-manylinux_2_17_s390x.manylinux2014_s390x.whl", hash = "sha256:7b792468e9804a204be221b14257566669d1db5c00d6bb335996e5cd7004ba80", size = 12607919, upload-time = "2024-11-01T15:07:04.546Z" },
    { url = "https://files.pythonhosted.org/packages/a0/57/4642e57484d80d274750dcc872ea66655bbd7e66e986fede31e1865b463d/ruff-0.7.2-py3-none-manylinux_2_17_x86_64.manylinux2014_x86_64.whl", hash = "sha256:dba53ed84ac19ae4bfb4ea4bf0172550a2285fa27fbb13e3746f04c80f7fa088", size = 11016915, upload-time = "2024-11-01T15:07:06.796Z" },
    { url = "https://files.pythonhosted.org/packages/4d/6d/59be6680abee34c22296ae3f46b2a3b91662b8b18ab0bf388b5eb1355c97/ruff-0.7.2-py3-none-musllinux_1_2_aarch64.whl", hash = "sha256:b19fafe261bf741bca2764c14cbb4ee1819b67adb63ebc2db6401dcd652e3748", size = 10625424, upload-time = "2024-11-01T15:07:09.553Z" },
    { url = "https://files.pythonhosted.org/packages/82/e7/f6a643683354c9bc7879d2f228ee0324fea66d253de49273a0814fba1927/ruff-0.7.2-py3-none-musllinux_1_2_armv7l.whl", hash = "sha256:28bd8220f4d8f79d590db9e2f6a0674f75ddbc3847277dd44ac1f8d30684b828", size = 10233692, upload-time = "2024-11-01T15:07:12.564Z" },
    { url = "https://files.pythonhosted.org/packages/d7/48/b4e02fc835cd7ed1ee7318d9c53e48bcf6b66301f55925a7dcb920e45532/ruff-0.7.2-py3-none-musllinux_1_2_i686.whl", hash = "sha256:9fd67094e77efbea932e62b5d2483006154794040abb3a5072e659096415ae1e", size = 10751825, upload-time = "2024-11-01T15:07:14.773Z" },
    { url = "https://files.pythonhosted.org/packages/1e/06/6c5ee6ab7bb4cbad9e8bb9b2dd0d818c759c90c1c9e057c6ed70334b97f4/ruff-0.7.2-py3-none-musllinux_1_2_x86_64.whl", hash = "sha256:576305393998b7bd6c46018f8104ea3a9cb3fa7908c21d8580e3274a3b04b691", size = 11074811, upload-time = "2024-11-01T15:07:16.857Z" },
    { url = "https://files.pythonhosted.org/packages/a1/16/8969304f25bcd0e4af1778342e63b715e91db8a2dbb51807acd858cba915/ruff-0.7.2-py3-none-win32.whl", hash = "sha256:fa993cfc9f0ff11187e82de874dfc3611df80852540331bc85c75809c93253a8", size = 8650268, upload-time = "2024-11-01T15:07:19.755Z" },
    { url = "https://files.pythonhosted.org/packages/d9/18/c4b00d161def43fe5968e959039c8f6ce60dca762cec4a34e4e83a4210a0/ruff-0.7.2-py3-none-win_amd64.whl", hash = "sha256:dd8800cbe0254e06b8fec585e97554047fb82c894973f7ff18558eee33d1cb88", size = 9433693, upload-time = "2024-11-01T15:07:22.513Z" },
    { url = "https://files.pythonhosted.org/packages/7f/7b/c920673ac01c19814dd15fc617c02301c522f3d6812ca2024f4588ed4549/ruff-0.7.2-py3-none-win_arm64.whl", hash = "sha256:bb8368cd45bba3f57bb29cbb8d64b4a33f8415d0149d2655c5c8539452ce7760", size = 8735845, upload-time = "2024-11-01T15:07:24.629Z" },
]

[[package]]
name = "tomli"
version = "2.0.2"
source = { registry = "https://pypi.org/simple" }
sdist = { url = "https://files.pythonhosted.org/packages/35/b9/de2a5c0144d7d75a57ff355c0c24054f965b2dc3036456ae03a51ea6264b/tomli-2.0.2.tar.gz", hash = "sha256:d46d457a85337051c36524bc5349dd91b1877838e2979ac5ced3e710ed8a60ed", size = 16096, upload-time = "2024-10-02T10:46:13.208Z" }
wheels = [
    { url = "https://files.pythonhosted.org/packages/cf/db/ce8eda256fa131af12e0a76d481711abe4681b6923c27efb9a255c9e4594/tomli-2.0.2-py3-none-any.whl", hash = "sha256:2ebe24485c53d303f690b0ec092806a085f07af5a5aa1464f3931eec36caaa38", size = 13237, upload-time = "2024-10-02T10:46:11.806Z" },
]

[[package]]
name = "typing-extensions"
version = "4.12.2"
source = { registry = "https://pypi.org/simple" }
sdist = { url = "https://files.pythonhosted.org/packages/df/db/f35a00659bc03fec321ba8bce9420de607a1d37f8342eee1863174c69557/typing_extensions-4.12.2.tar.gz", hash = "sha256:1a7ead55c7e559dd4dee8856e3a88b41225abfe1ce8df57b7c13915fe121ffb8", size = 85321, upload-time = "2024-06-07T18:52:15.995Z" }
wheels = [
    { url = "https://files.pythonhosted.org/packages/26/9f/ad63fc0248c5379346306f8668cda6e2e2e9c95e01216d2b8ffd9ff037d0/typing_extensions-4.12.2-py3-none-any.whl", hash = "sha256:04e5ca0351e0f3f85c6853954072df659d0d13fac324d0072316b67d7794700d", size = 37438, upload-time = "2024-06-07T18:52:13.582Z" },
]
