[[package]]
name = "polars"
version = "0.18.0"
description = "Blazingly fast DataFrame library"
category = "main"
optional = false
python-versions = ">=3.7"

[package.extras]
all = ["polars[connectorx,deltalake,fsspec,matplotlib,numpy,pandas,pyarrow,sqlalchemy,timezone,xlsx2csv,xlsxwriter]"]
connectorx = ["connectorx"]
deltalake = ["deltalake (>=0.8.0)"]
fsspec = ["fsspec"]
matplotlib = ["matplotlib"]
numpy = ["numpy (>=1.16.0)"]
pandas = ["pandas", "pyarrow (>=7.0.0)"]
pyarrow = ["pyarrow (>=7.0.0)"]
sqlalchemy = ["pandas", "sqlalchemy"]
timezone = ["backports.zoneinfo", "tzdata"]
xlsx2csv = ["xlsx2csv (>=0.8.0)"]
xlsxwriter = ["xlsxwriter"]

[metadata]
lock-version = "1.1"
python-versions = "^3.10"
content-hash = "81e769030ef8a92587cefb6a1d138d8df2788f825a3cb8bbe0a9c06dafc22297"

[metadata.files]
polars = [
    {file = "polars-0.18.0-cp37-abi3-macosx_10_7_x86_64.whl", hash = "sha256:71595092f7a37f3a9ff45b28f07a08ef67e3bc984a581e87909e528aa6ffa663"},
    {file = "polars-0.18.0-cp37-abi3-macosx_11_0_arm64.whl", hash = "sha256:11e9058c23e64cfcd629fa07fff9e81efa445e7692a52afb24b240907e3f5c14"},
    {file = "polars-0.18.0-cp37-abi3-manylinux_2_17_aarch64.manylinux2014_aarch64.whl", hash = "sha256:0460f19d6e6f71bc1d65bd25916e4f9234bf250f8c0e868028e81fe15dd7bf55"},
    {file = "polars-0.18.0-cp37-abi3-manylinux_2_17_x86_64.manylinux2014_x86_64.whl", hash = "sha256:68340c3a34c1555e1bfd72e4d2bbb40d116379de009e3196d616de9a67057ae1"},
    {file = "polars-0.18.0-cp37-abi3-win_amd64.whl", hash = "sha256:be29aad699b636451bee013038464d5094254f196c3f93386eaeba79e2d844d7"},
    {file = "polars-0.18.0.tar.gz", hash = "sha256:b8b5e149c53f44a3ba46cdf41b4e0ff74c8d75e4f2725ce6e277d4d7f2fea869"},
]
